
Microsoft Visual Studio Solution File, Format Version 12.00
# Visual Studio Version 16
VisualStudioVersion = 16.0.31613.86
MinimumVisualStudioVersion = 10.0.40219.1
Project("{9A19103F-16F7-4668-BE54-9A1E7A4F7556}") = "ScoreSpaceGAME", "ScoreSpaceGAME.csproj", "{EBA460C7-5EE1-42CC-A1FF-68A21FFCF0C3}"
EndProject
Project("{FAE04EC0-301F-11D3-BF4B-00C04F79EFBC}") = "VSGodot", "VSGodot\VSGodot.csproj", "{4811E5DB-9EF7-4B74-8659-30B818A630B4}"
EndProject
Global
	GlobalSection(SolutionConfigurationPlatforms) = preSolution
		Debug|Any CPU = Debug|Any CPU
		ExportDebug|Any CPU = ExportDebug|Any CPU
		ExportRelease|Any CPU = ExportRelease|Any CPU
	EndGlobalSection
	GlobalSection(ProjectConfigurationPlatforms) = postSolution
		{EBA460C7-5EE1-42CC-A1FF-68A21FFCF0C3}.Debug|Any CPU.ActiveCfg = Debug|Any CPU
		{EBA460C7-5EE1-42CC-A1FF-68A21FFCF0C3}.Debug|Any CPU.Build.0 = Debug|Any CPU
		{EBA460C7-5EE1-42CC-A1FF-68A21FFCF0C3}.ExportDebug|Any CPU.ActiveCfg = ExportDebug|Any CPU
		{EBA460C7-5EE1-42CC-A1FF-68A21FFCF0C3}.ExportDebug|Any CPU.Build.0 = ExportDebug|Any CPU
		{EBA460C7-5EE1-42CC-A1FF-68A21FFCF0C3}.ExportRelease|Any CPU.ActiveCfg = ExportRelease|Any CPU
		{EBA460C7-5EE1-42CC-A1FF-68A21FFCF0C3}.ExportRelease|Any CPU.Build.0 = ExportRelease|Any CPU
		{4811E5DB-9EF7-4B74-8659-30B818A630B4}.Debug|Any CPU.ActiveCfg = Debug|Any CPU
		{4811E5DB-9EF7-4B74-8659-30B818A630B4}.Debug|Any CPU.Build.0 = Debug|Any CPU
		{4811E5DB-9EF7-4B74-8659-30B818A630B4}.ExportDebug|Any CPU.ActiveCfg = Debug|Any CPU
		{4811E5DB-9EF7-4B74-8659-30B818A630B4}.ExportDebug|Any CPU.Build.0 = Debug|Any CPU
		{4811E5DB-9EF7-4B74-8659-30B818A630B4}.ExportRelease|Any CPU.ActiveCfg = Debug|Any CPU
		{4811E5DB-9EF7-4B74-8659-30B818A630B4}.ExportRelease|Any CPU.Build.0 = Debug|Any CPU
	EndGlobalSection
	GlobalSection(SolutionProperties) = preSolution
		HideSolutionNode = FALSE
	EndGlobalSection
	GlobalSection(ExtensibilityGlobals) = postSolution
		SolutionGuid = {FA288956-6B74-4252-A244-E9F58AC5B2C8}
	EndGlobalSection
EndGlobal
